
Microsoft Visual Studio Solution File, Format Version 12.00
# Visual Studio Version 17
VisualStudioVersion = 17.0.31903.59
MinimumVisualStudioVersion = 10.0.40219.1
Project("{9A19103F-16F7-4668-BE54-9A1E7A4F7556}") = "ElsaServer", "ElsaServer\ElsaServer.csproj", "{6BB85145-7238-407A-851C-301455883938}"
EndProject
Project("{9A19103F-16F7-4668-BE54-9A1E7A4F7556}") = "Onboarding", "Onboarding\Onboarding.csproj", "{2942817A-165A-4543-817D-440D277F43FE}"
EndProject
Project("{9A19103F-16F7-4668-BE54-9A1E7A4F7556}") = "ElsaStudioBlazorServer", "ElsaStudioBlazorServer\ElsaStudioBlazorServer.csproj", "{63AFDD1E-8048-4461-87DC-F8D73538718C}"
EndProject
Global
	GlobalSection(SolutionConfigurationPlatforms) = preSolution
		Debug|Any CPU = Debug|Any CPU
		Release|Any CPU = Release|Any CPU
	EndGlobalSection
	GlobalSection(ProjectConfigurationPlatforms) = postSolution
		{6BB85145-7238-407A-851C-301455883938}.Debug|Any CPU.ActiveCfg = Debug|Any CPU
		{6BB85145-7238-407A-851C-301455883938}.Debug|Any CPU.Build.0 = Debug|Any CPU
		{6BB85145-7238-407A-851C-301455883938}.Release|Any CPU.ActiveCfg = Release|Any CPU
		{6BB85145-7238-407A-851C-301455883938}.Release|Any CPU.Build.0 = Release|Any CPU
		{2942817A-165A-4543-817D-440D277F43FE}.Debug|Any CPU.ActiveCfg = Debug|Any CPU
		{2942817A-165A-4543-817D-440D277F43FE}.Debug|Any CPU.Build.0 = Debug|Any CPU
		{2942817A-165A-4543-817D-440D277F43FE}.Release|Any CPU.ActiveCfg = Release|Any CPU
		{2942817A-165A-4543-817D-440D277F43FE}.Release|Any CPU.Build.0 = Release|Any CPU
		{63AFDD1E-8048-4461-87DC-F8D73538718C}.Debug|Any CPU.ActiveCfg = Debug|Any CPU
		{63AFDD1E-8048-4461-87DC-F8D73538718C}.Debug|Any CPU.Build.0 = Debug|Any CPU
		{63AFDD1E-8048-4461-87DC-F8D73538718C}.Release|Any CPU.ActiveCfg = Release|Any CPU
		{63AFDD1E-8048-4461-87DC-F8D73538718C}.Release|Any CPU.Build.0 = Release|Any CPU
	EndGlobalSection
	GlobalSection(SolutionProperties) = preSolution
		HideSolutionNode = FALSE
	EndGlobalSection
	GlobalSection(ExtensibilityGlobals) = postSolution
		SolutionGuid = {5BFCC53B-EA3B-464F-AD77-B28B389786B8}
	EndGlobalSection
EndGlobal
