Microsoft Visual Studio Solution File, Format Version 12.00
# 17
VisualStudioVersion = 17.11.35201.85
MinimumVisualStudioVersion = 10.0.40219.1
Project("{9A19103F-16F7-4668-BE54-9A1E7A4F7556}") = "ElsaServer", "ElsaServer.csproj", "{36F6EEF2-417E-4A55-A9A3-A1A5EFD4FF78}"
EndProject
Global
	GlobalSection(SolutionConfigurationPlatforms) = preSolution
		Debug|Any CPU = Debug|Any CPU
		Release|Any CPU = Release|Any CPU
	EndGlobalSection
	GlobalSection(ProjectConfigurationPlatforms) = postSolution
		{36F6EEF2-417E-4A55-A9A3-A1A5EFD4FF78}.Debug|Any CPU.ActiveCfg = Debug|Any CPU
		{36F6EEF2-417E-4A55-A9A3-A1A5EFD4FF78}.Debug|Any CPU.Build.0 = Debug|Any CPU
		{36F6EEF2-417E-4A55-A9A3-A1A5EFD4FF78}.Release|Any CPU.ActiveCfg = Release|Any CPU
		{36F6EEF2-417E-4A55-A9A3-A1A5EFD4FF78}.Release|Any CPU.Build.0 = Release|Any CPU
	EndGlobalSection
	GlobalSection(SolutionProperties) = preSolution
		HideSolutionNode = FALSE
	EndGlobalSection
	GlobalSection(ExtensibilityGlobals) = postSolution
		SolutionGuid = {84EAD33F-3F4A-458E-BCA1-0CA9141A20F7}
	EndGlobalSection
EndGlobal
